// !$*UTF8*$!
{
	archiveVersion = 1;
	classes = {
	};
	objectVersion = 46;
	objects = {

/* Begin PBXBuildFile section */
		8692332A8F749D694CCC0C9A /* Pods_data_structures.framework in Frameworks */ = {isa = PBXBuildFile; fileRef = C31E916D5FC7B72109AE98E2 /* Pods_data_structures.framework */; };
		B2086D2BD00789E719D5995E /* Pods_data_structuresTests.framework in Frameworks */ = {isa = PBXBuildFile; fileRef = 1C80E6EF1B148EEE01342C0A /* Pods_data_structuresTests.framework */; };
		CD0D11451F18278A00C801E1 /* SelectionSortTests.swift in Sources */ = {isa = PBXBuildFile; fileRef = CD0D11441F18278A00C801E1 /* SelectionSortTests.swift */; };
		CD3422BF1F15428000995692 /* AppDelegate.swift in Sources */ = {isa = PBXBuildFile; fileRef = CD3422BE1F15428000995692 /* AppDelegate.swift */; };
		CD3422C11F15428000995692 /* ViewController.swift in Sources */ = {isa = PBXBuildFile; fileRef = CD3422C01F15428000995692 /* ViewController.swift */; };
		CD3422C41F15428000995692 /* Main.storyboard in Resources */ = {isa = PBXBuildFile; fileRef = CD3422C21F15428000995692 /* Main.storyboard */; };
		CD3422C61F15428000995692 /* Assets.xcassets in Resources */ = {isa = PBXBuildFile; fileRef = CD3422C51F15428000995692 /* Assets.xcassets */; };
		CD3422C91F15428000995692 /* LaunchScreen.storyboard in Resources */ = {isa = PBXBuildFile; fileRef = CD3422C71F15428000995692 /* LaunchScreen.storyboard */; };
		CD446C731F16992500748162 /* SortingExtensionsOnArray.swift in Sources */ = {isa = PBXBuildFile; fileRef = CD446C721F16992500748162 /* SortingExtensionsOnArray.swift */; };
		CD446C771F16A04300748162 /* BubbleSortTests.swift in Sources */ = {isa = PBXBuildFile; fileRef = CD446C761F16A04300748162 /* BubbleSortTests.swift */; };
		CDAE7A121F154FAD00B8FB51 /* stack.swift in Sources */ = {isa = PBXBuildFile; fileRef = CDAE7A111F154FAD00B8FB51 /* stack.swift */; };
		CDAE7A151F15563500B8FB51 /* StackTests.swift in Sources */ = {isa = PBXBuildFile; fileRef = CDAE7A141F15563500B8FB51 /* StackTests.swift */; };
/* End PBXBuildFile section */

/* Begin PBXContainerItemProxy section */
		CD3422D01F15428000995692 /* PBXContainerItemProxy */ = {
			isa = PBXContainerItemProxy;
			containerPortal = CD3422B31F15428000995692 /* Project object */;
			proxyType = 1;
			remoteGlobalIDString = CD3422BA1F15428000995692;
			remoteInfo = "data-structures";
		};
/* End PBXContainerItemProxy section */

/* Begin PBXFileReference section */
		1C80E6EF1B148EEE01342C0A /* Pods_data_structuresTests.framework */ = {isa = PBXFileReference; explicitFileType = wrapper.framework; includeInIndex = 0; path = Pods_data_structuresTests.framework; sourceTree = BUILT_PRODUCTS_DIR; };
		5A6E30D084F5D6599CD90F26 /* Pods-data-structuresTests.release.xcconfig */ = {isa = PBXFileReference; includeInIndex = 1; lastKnownFileType = text.xcconfig; name = "Pods-data-structuresTests.release.xcconfig"; path = "Pods/Target Support Files/Pods-data-structuresTests/Pods-data-structuresTests.release.xcconfig"; sourceTree = "<group>"; };
		77EECACA0D5816C329DDF4B4 /* Pods-data-structures.debug.xcconfig */ = {isa = PBXFileReference; includeInIndex = 1; lastKnownFileType = text.xcconfig; name = "Pods-data-structures.debug.xcconfig"; path = "Pods/Target Support Files/Pods-data-structures/Pods-data-structures.debug.xcconfig"; sourceTree = "<group>"; };
		9D69B62E1F965FBCF13B1246 /* Pods-data-structuresTests.debug.xcconfig */ = {isa = PBXFileReference; includeInIndex = 1; lastKnownFileType = text.xcconfig; name = "Pods-data-structuresTests.debug.xcconfig"; path = "Pods/Target Support Files/Pods-data-structuresTests/Pods-data-structuresTests.debug.xcconfig"; sourceTree = "<group>"; };
		C09A32B53F77E88B56BE5EAE /* Pods-data-structures.release.xcconfig */ = {isa = PBXFileReference; includeInIndex = 1; lastKnownFileType = text.xcconfig; name = "Pods-data-structures.release.xcconfig"; path = "Pods/Target Support Files/Pods-data-structures/Pods-data-structures.release.xcconfig"; sourceTree = "<group>"; };
		C31E916D5FC7B72109AE98E2 /* Pods_data_structures.framework */ = {isa = PBXFileReference; explicitFileType = wrapper.framework; includeInIndex = 0; path = Pods_data_structures.framework; sourceTree = BUILT_PRODUCTS_DIR; };
		CD0D11441F18278A00C801E1 /* SelectionSortTests.swift */ = {isa = PBXFileReference; fileEncoding = 4; lastKnownFileType = sourcecode.swift; path = SelectionSortTests.swift; sourceTree = "<group>"; };
		CD3422BB1F15428000995692 /* dataStructures.app */ = {isa = PBXFileReference; explicitFileType = wrapper.application; includeInIndex = 0; path = dataStructures.app; sourceTree = BUILT_PRODUCTS_DIR; };
		CD3422BE1F15428000995692 /* AppDelegate.swift */ = {isa = PBXFileReference; lastKnownFileType = sourcecode.swift; path = AppDelegate.swift; sourceTree = "<group>"; };
		CD3422C01F15428000995692 /* ViewController.swift */ = {isa = PBXFileReference; lastKnownFileType = sourcecode.swift; path = ViewController.swift; sourceTree = "<group>"; };
		CD3422C31F15428000995692 /* Base */ = {isa = PBXFileReference; lastKnownFileType = file.storyboard; name = Base; path = Base.lproj/Main.storyboard; sourceTree = "<group>"; };
		CD3422C51F15428000995692 /* Assets.xcassets */ = {isa = PBXFileReference; lastKnownFileType = folder.assetcatalog; path = Assets.xcassets; sourceTree = "<group>"; };
		CD3422C81F15428000995692 /* Base */ = {isa = PBXFileReference; lastKnownFileType = file.storyboard; name = Base; path = Base.lproj/LaunchScreen.storyboard; sourceTree = "<group>"; };
		CD3422CA1F15428000995692 /* Info.plist */ = {isa = PBXFileReference; lastKnownFileType = text.plist.xml; path = Info.plist; sourceTree = "<group>"; };
		CD3422CF1F15428000995692 /* dataStructuresTests.xctest */ = {isa = PBXFileReference; explicitFileType = wrapper.cfbundle; includeInIndex = 0; path = dataStructuresTests.xctest; sourceTree = BUILT_PRODUCTS_DIR; };
		CD3422D51F15428000995692 /* Info.plist */ = {isa = PBXFileReference; lastKnownFileType = text.plist.xml; path = Info.plist; sourceTree = "<group>"; };
		CD446C721F16992500748162 /* SortingExtensionsOnArray.swift */ = {isa = PBXFileReference; fileEncoding = 4; lastKnownFileType = sourcecode.swift; path = SortingExtensionsOnArray.swift; sourceTree = "<group>"; };
		CD446C761F16A04300748162 /* BubbleSortTests.swift */ = {isa = PBXFileReference; fileEncoding = 4; lastKnownFileType = sourcecode.swift; path = BubbleSortTests.swift; sourceTree = "<group>"; };
		CDAE7A111F154FAD00B8FB51 /* stack.swift */ = {isa = PBXFileReference; fileEncoding = 4; lastKnownFileType = sourcecode.swift; path = stack.swift; sourceTree = "<group>"; };
		CDAE7A141F15563500B8FB51 /* StackTests.swift */ = {isa = PBXFileReference; fileEncoding = 4; lastKnownFileType = sourcecode.swift; path = StackTests.swift; sourceTree = "<group>"; };
/* End PBXFileReference section */

/* Begin PBXFrameworksBuildPhase section */
		CD3422B81F15428000995692 /* Frameworks */ = {
			isa = PBXFrameworksBuildPhase;
			buildActionMask = 2147483647;
			files = (
				8692332A8F749D694CCC0C9A /* Pods_data_structures.framework in Frameworks */,
			);
			runOnlyForDeploymentPostprocessing = 0;
		};
		CD3422CC1F15428000995692 /* Frameworks */ = {
			isa = PBXFrameworksBuildPhase;
			buildActionMask = 2147483647;
			files = (
				B2086D2BD00789E719D5995E /* Pods_data_structuresTests.framework in Frameworks */,
			);
			runOnlyForDeploymentPostprocessing = 0;
		};
/* End PBXFrameworksBuildPhase section */

/* Begin PBXGroup section */
		C5C914590100265DB0527F76 /* Frameworks */ = {
			isa = PBXGroup;
			children = (
				C31E916D5FC7B72109AE98E2 /* Pods_data_structures.framework */,
				1C80E6EF1B148EEE01342C0A /* Pods_data_structuresTests.framework */,
			);
			name = Frameworks;
			sourceTree = "<group>";
		};
		CD3422B21F15428000995692 = {
			isa = PBXGroup;
			children = (
				CD3422BD1F15428000995692 /* dataStructures */,
				CD3422D21F15428000995692 /* data-structuresTests */,
				CD3422BC1F15428000995692 /* Products */,
				E12D53321BF410482343FD76 /* Pods */,
				C5C914590100265DB0527F76 /* Frameworks */,
			);
			sourceTree = "<group>";
		};
		CD3422BC1F15428000995692 /* Products */ = {
			isa = PBXGroup;
			children = (
				CD3422BB1F15428000995692 /* dataStructures.app */,
				CD3422CF1F15428000995692 /* dataStructuresTests.xctest */,
			);
			name = Products;
			sourceTree = "<group>";
		};
		CD3422BD1F15428000995692 /* dataStructures */ = {
			isa = PBXGroup;
			children = (
				CD3422BE1F15428000995692 /* AppDelegate.swift */,
				CD3422C01F15428000995692 /* ViewController.swift */,
				CD93C6501F15ABAA00D3657F /* algorithms */,
				CD3422C21F15428000995692 /* Main.storyboard */,
				CD3422C51F15428000995692 /* Assets.xcassets */,
				CD3422C71F15428000995692 /* LaunchScreen.storyboard */,
				CD3422CA1F15428000995692 /* Info.plist */,
				CDAE7A131F154FB500B8FB51 /* data-structures */,
			);
			name = dataStructures;
			path = "data-structures";
			sourceTree = "<group>";
		};
		CD3422D21F15428000995692 /* data-structuresTests */ = {
			isa = PBXGroup;
			children = (
				CD3422D51F15428000995692 /* Info.plist */,
				CDAE7A141F15563500B8FB51 /* StackTests.swift */,
				CD446C761F16A04300748162 /* BubbleSortTests.swift */,
				CD0D11441F18278A00C801E1 /* SelectionSortTests.swift */,
			);
			path = "data-structuresTests";
			sourceTree = "<group>";
		};
		CD93C6501F15ABAA00D3657F /* algorithms */ = {
			isa = PBXGroup;
			children = (
				CD446C721F16992500748162 /* SortingExtensionsOnArray.swift */,
			);
			name = algorithms;
			sourceTree = "<group>";
		};
		CDAE7A131F154FB500B8FB51 /* data-structures */ = {
			isa = PBXGroup;
			children = (
				CDAE7A111F154FAD00B8FB51 /* stack.swift */,
			);
			name = "data-structures";
			sourceTree = "<group>";
		};
		E12D53321BF410482343FD76 /* Pods */ = {
			isa = PBXGroup;
			children = (
				77EECACA0D5816C329DDF4B4 /* Pods-data-structures.debug.xcconfig */,
				C09A32B53F77E88B56BE5EAE /* Pods-data-structures.release.xcconfig */,
				9D69B62E1F965FBCF13B1246 /* Pods-data-structuresTests.debug.xcconfig */,
				5A6E30D084F5D6599CD90F26 /* Pods-data-structuresTests.release.xcconfig */,
			);
			name = Pods;
			sourceTree = "<group>";
		};
/* End PBXGroup section */

/* Begin PBXNativeTarget section */
		CD3422BA1F15428000995692 /* dataStructures */ = {
			isa = PBXNativeTarget;
			buildConfigurationList = CD3422D81F15428000995692 /* Build configuration list for PBXNativeTarget "dataStructures" */;
			buildPhases = (
				586B08063CE4E1865475E336 /* [CP] Check Pods Manifest.lock */,
				CD3422B71F15428000995692 /* Sources */,
				CD3422B81F15428000995692 /* Frameworks */,
				CD3422B91F15428000995692 /* Resources */,
				77367E9254642E3868C13527 /* [CP] Embed Pods Frameworks */,
				5D86CEDA063C900ECDB71AFC /* [CP] Copy Pods Resources */,
			);
			buildRules = (
			);
			dependencies = (
			);
			name = dataStructures;
			productName = "data-structures";
			productReference = CD3422BB1F15428000995692 /* dataStructures.app */;
			productType = "com.apple.product-type.application";
		};
		CD3422CE1F15428000995692 /* dataStructuresTests */ = {
			isa = PBXNativeTarget;
			buildConfigurationList = CD3422DB1F15428000995692 /* Build configuration list for PBXNativeTarget "dataStructuresTests" */;
			buildPhases = (
				0D8A247EE9C5F144F288D5DF /* [CP] Check Pods Manifest.lock */,
				CD3422CB1F15428000995692 /* Sources */,
				CD3422CC1F15428000995692 /* Frameworks */,
				CD3422CD1F15428000995692 /* Resources */,
				8006EE26E59FD3DAFE2410F7 /* [CP] Embed Pods Frameworks */,
				8104AF233B8D57B797F0EA17 /* [CP] Copy Pods Resources */,
			);
			buildRules = (
			);
			dependencies = (
				CD3422D11F15428000995692 /* PBXTargetDependency */,
			);
			name = dataStructuresTests;
			productName = "data-structuresTests";
			productReference = CD3422CF1F15428000995692 /* dataStructuresTests.xctest */;
			productType = "com.apple.product-type.bundle.unit-test";
		};
/* End PBXNativeTarget section */

/* Begin PBXProject section */
		CD3422B31F15428000995692 /* Project object */ = {
			isa = PBXProject;
			attributes = {
				LastSwiftUpdateCheck = 0830;
				LastUpgradeCheck = 0830;
				ORGANIZATIONNAME = "Elyanil Liranzo Castro";
				TargetAttributes = {
					CD3422BA1F15428000995692 = {
						CreatedOnToolsVersion = 8.3.3;
						DevelopmentTeam = 6EJN6WTQBM;
						ProvisioningStyle = Automatic;
					};
					CD3422CE1F15428000995692 = {
						CreatedOnToolsVersion = 8.3.3;
						DevelopmentTeam = 6EJN6WTQBM;
						ProvisioningStyle = Automatic;
						TestTargetID = CD3422BA1F15428000995692;
					};
				};
			};
			buildConfigurationList = CD3422B61F15428000995692 /* Build configuration list for PBXProject "dataStructures" */;
			compatibilityVersion = "Xcode 3.2";
			developmentRegion = English;
			hasScannedForEncodings = 0;
			knownRegions = (
				en,
				Base,
			);
			mainGroup = CD3422B21F15428000995692;
			productRefGroup = CD3422BC1F15428000995692 /* Products */;
			projectDirPath = "";
			projectRoot = "";
			targets = (
				CD3422BA1F15428000995692 /* dataStructures */,
				CD3422CE1F15428000995692 /* dataStructuresTests */,
			);
		};
/* End PBXProject section */

/* Begin PBXResourcesBuildPhase section */
		CD3422B91F15428000995692 /* Resources */ = {
			isa = PBXResourcesBuildPhase;
			buildActionMask = 2147483647;
			files = (
				CD3422C91F15428000995692 /* LaunchScreen.storyboard in Resources */,
				CD3422C61F15428000995692 /* Assets.xcassets in Resources */,
				CD3422C41F15428000995692 /* Main.storyboard in Resources */,
			);
			runOnlyForDeploymentPostprocessing = 0;
		};
		CD3422CD1F15428000995692 /* Resources */ = {
			isa = PBXResourcesBuildPhase;
			buildActionMask = 2147483647;
			files = (
			);
			runOnlyForDeploymentPostprocessing = 0;
		};
/* End PBXResourcesBuildPhase section */

/* Begin PBXShellScriptBuildPhase section */
		0D8A247EE9C5F144F288D5DF /* [CP] Check Pods Manifest.lock */ = {
			isa = PBXShellScriptBuildPhase;
			buildActionMask = 2147483647;
			files = (
			);
			inputPaths = (
			);
			name = "[CP] Check Pods Manifest.lock";
			outputPaths = (
			);
			runOnlyForDeploymentPostprocessing = 0;
			shellPath = /bin/sh;
			shellScript = "diff \"${PODS_PODFILE_DIR_PATH}/Podfile.lock\" \"${PODS_ROOT}/Manifest.lock\" > /dev/null\nif [ $? != 0 ] ; then\n    # print error to STDERR\n    echo \"error: The sandbox is not in sync with the Podfile.lock. Run 'pod install' or update your CocoaPods installation.\" >&2\n    exit 1\nfi\n";
			showEnvVarsInLog = 0;
		};
		586B08063CE4E1865475E336 /* [CP] Check Pods Manifest.lock */ = {
			isa = PBXShellScriptBuildPhase;
			buildActionMask = 2147483647;
			files = (
			);
			inputPaths = (
			);
			name = "[CP] Check Pods Manifest.lock";
			outputPaths = (
			);
			runOnlyForDeploymentPostprocessing = 0;
			shellPath = /bin/sh;
			shellScript = "diff \"${PODS_PODFILE_DIR_PATH}/Podfile.lock\" \"${PODS_ROOT}/Manifest.lock\" > /dev/null\nif [ $? != 0 ] ; then\n    # print error to STDERR\n    echo \"error: The sandbox is not in sync with the Podfile.lock. Run 'pod install' or update your CocoaPods installation.\" >&2\n    exit 1\nfi\n";
			showEnvVarsInLog = 0;
		};
		5D86CEDA063C900ECDB71AFC /* [CP] Copy Pods Resources */ = {
			isa = PBXShellScriptBuildPhase;
			buildActionMask = 2147483647;
			files = (
			);
			inputPaths = (
			);
			name = "[CP] Copy Pods Resources";
			outputPaths = (
			);
			runOnlyForDeploymentPostprocessing = 0;
			shellPath = /bin/sh;
			shellScript = "\"${SRCROOT}/Pods/Target Support Files/Pods-data-structures/Pods-data-structures-resources.sh\"\n";
			showEnvVarsInLog = 0;
		};
		77367E9254642E3868C13527 /* [CP] Embed Pods Frameworks */ = {
			isa = PBXShellScriptBuildPhase;
			buildActionMask = 2147483647;
			files = (
			);
			inputPaths = (
			);
			name = "[CP] Embed Pods Frameworks";
			outputPaths = (
			);
			runOnlyForDeploymentPostprocessing = 0;
			shellPath = /bin/sh;
			shellScript = "\"${SRCROOT}/Pods/Target Support Files/Pods-data-structures/Pods-data-structures-frameworks.sh\"\n";
			showEnvVarsInLog = 0;
		};
		8006EE26E59FD3DAFE2410F7 /* [CP] Embed Pods Frameworks */ = {
			isa = PBXShellScriptBuildPhase;
			buildActionMask = 2147483647;
			files = (
			);
			inputPaths = (
			);
			name = "[CP] Embed Pods Frameworks";
			outputPaths = (
			);
			runOnlyForDeploymentPostprocessing = 0;
			shellPath = /bin/sh;
			shellScript = "\"${SRCROOT}/Pods/Target Support Files/Pods-data-structuresTests/Pods-data-structuresTests-frameworks.sh\"\n";
			showEnvVarsInLog = 0;
		};
		8104AF233B8D57B797F0EA17 /* [CP] Copy Pods Resources */ = {
			isa = PBXShellScriptBuildPhase;
			buildActionMask = 2147483647;
			files = (
			);
			inputPaths = (
			);
			name = "[CP] Copy Pods Resources";
			outputPaths = (
			);
			runOnlyForDeploymentPostprocessing = 0;
			shellPath = /bin/sh;
			shellScript = "\"${SRCROOT}/Pods/Target Support Files/Pods-data-structuresTests/Pods-data-structuresTests-resources.sh\"\n";
			showEnvVarsInLog = 0;
		};
/* End PBXShellScriptBuildPhase section */

/* Begin PBXSourcesBuildPhase section */
		CD3422B71F15428000995692 /* Sources */ = {
			isa = PBXSourcesBuildPhase;
			buildActionMask = 2147483647;
			files = (
				CD3422C11F15428000995692 /* ViewController.swift in Sources */,
				CDAE7A121F154FAD00B8FB51 /* stack.swift in Sources */,
				CD3422BF1F15428000995692 /* AppDelegate.swift in Sources */,
				CD446C731F16992500748162 /* SortingExtensionsOnArray.swift in Sources */,
			);
			runOnlyForDeploymentPostprocessing = 0;
		};
		CD3422CB1F15428000995692 /* Sources */ = {
			isa = PBXSourcesBuildPhase;
			buildActionMask = 2147483647;
			files = (
				CD0D11451F18278A00C801E1 /* SelectionSortTests.swift in Sources */,
				CDAE7A151F15563500B8FB51 /* StackTests.swift in Sources */,
				CD446C771F16A04300748162 /* BubbleSortTests.swift in Sources */,
			);
			runOnlyForDeploymentPostprocessing = 0;
		};
/* End PBXSourcesBuildPhase section */

/* Begin PBXTargetDependency section */
		CD3422D11F15428000995692 /* PBXTargetDependency */ = {
			isa = PBXTargetDependency;
			target = CD3422BA1F15428000995692 /* dataStructures */;
			targetProxy = CD3422D01F15428000995692 /* PBXContainerItemProxy */;
		};
/* End PBXTargetDependency section */

/* Begin PBXVariantGroup section */
		CD3422C21F15428000995692 /* Main.storyboard */ = {
			isa = PBXVariantGroup;
			children = (
				CD3422C31F15428000995692 /* Base */,
			);
			name = Main.storyboard;
			sourceTree = "<group>";
		};
		CD3422C71F15428000995692 /* LaunchScreen.storyboard */ = {
			isa = PBXVariantGroup;
			children = (
				CD3422C81F15428000995692 /* Base */,
			);
			name = LaunchScreen.storyboard;
			sourceTree = "<group>";
		};
/* End PBXVariantGroup section */

/* Begin XCBuildConfiguration section */
		CD3422D61F15428000995692 /* Debug */ = {
			isa = XCBuildConfiguration;
			buildSettings = {
				ALWAYS_EMBED_SWIFT_STANDARD_LIBRARIES = "$(inherited)";
				ALWAYS_SEARCH_USER_PATHS = NO;
				CLANG_ANALYZER_NONNULL = YES;
				CLANG_ANALYZER_NUMBER_OBJECT_CONVERSION = YES_AGGRESSIVE;
				CLANG_CXX_LANGUAGE_STANDARD = "gnu++0x";
				CLANG_CXX_LIBRARY = "libc++";
				CLANG_ENABLE_MODULES = YES;
				CLANG_ENABLE_OBJC_ARC = YES;
				CLANG_WARN_BOOL_CONVERSION = YES;
				CLANG_WARN_CONSTANT_CONVERSION = YES;
				CLANG_WARN_DIRECT_OBJC_ISA_USAGE = YES_ERROR;
				CLANG_WARN_DOCUMENTATION_COMMENTS = YES;
				CLANG_WARN_EMPTY_BODY = YES;
				CLANG_WARN_ENUM_CONVERSION = YES;
				CLANG_WARN_INFINITE_RECURSION = YES;
				CLANG_WARN_INT_CONVERSION = YES;
				CLANG_WARN_OBJC_ROOT_CLASS = YES_ERROR;
				CLANG_WARN_SUSPICIOUS_MOVE = YES;
				CLANG_WARN_UNREACHABLE_CODE = YES;
				CLANG_WARN__DUPLICATE_METHOD_MATCH = YES;
				"CODE_SIGN_IDENTITY[sdk=iphoneos*]" = "iPhone Developer";
				COPY_PHASE_STRIP = NO;
				DEBUG_INFORMATION_FORMAT = dwarf;
				ENABLE_STRICT_OBJC_MSGSEND = YES;
				ENABLE_TESTABILITY = YES;
				GCC_C_LANGUAGE_STANDARD = gnu99;
				GCC_DYNAMIC_NO_PIC = NO;
				GCC_NO_COMMON_BLOCKS = YES;
				GCC_OPTIMIZATION_LEVEL = 0;
				GCC_PREPROCESSOR_DEFINITIONS = (
					"DEBUG=1",
					"$(inherited)",
				);
				GCC_WARN_64_TO_32_BIT_CONVERSION = YES;
				GCC_WARN_ABOUT_RETURN_TYPE = YES_ERROR;
				GCC_WARN_UNDECLARED_SELECTOR = YES;
				GCC_WARN_UNINITIALIZED_AUTOS = YES_AGGRESSIVE;
				GCC_WARN_UNUSED_FUNCTION = YES;
				GCC_WARN_UNUSED_VARIABLE = YES;
				IPHONEOS_DEPLOYMENT_TARGET = 10.3;
				MTL_ENABLE_DEBUG_INFO = YES;
				ONLY_ACTIVE_ARCH = YES;
				SDKROOT = iphoneos;
				SWIFT_ACTIVE_COMPILATION_CONDITIONS = DEBUG;
				SWIFT_OPTIMIZATION_LEVEL = "-Onone";
				TARGETED_DEVICE_FAMILY = "1,2";
			};
			name = Debug;
		};
		CD3422D71F15428000995692 /* Release */ = {
			isa = XCBuildConfiguration;
			buildSettings = {
				ALWAYS_EMBED_SWIFT_STANDARD_LIBRARIES = "$(inherited)";
				ALWAYS_SEARCH_USER_PATHS = NO;
				CLANG_ANALYZER_NONNULL = YES;
				CLANG_ANALYZER_NUMBER_OBJECT_CONVERSION = YES_AGGRESSIVE;
				CLANG_CXX_LANGUAGE_STANDARD = "gnu++0x";
				CLANG_CXX_LIBRARY = "libc++";
				CLANG_ENABLE_MODULES = YES;
				CLANG_ENABLE_OBJC_ARC = YES;
				CLANG_WARN_BOOL_CONVERSION = YES;
				CLANG_WARN_CONSTANT_CONVERSION = YES;
				CLANG_WARN_DIRECT_OBJC_ISA_USAGE = YES_ERROR;
				CLANG_WARN_DOCUMENTATION_COMMENTS = YES;
				CLANG_WARN_EMPTY_BODY = YES;
				CLANG_WARN_ENUM_CONVERSION = YES;
				CLANG_WARN_INFINITE_RECURSION = YES;
				CLANG_WARN_INT_CONVERSION = YES;
				CLANG_WARN_OBJC_ROOT_CLASS = YES_ERROR;
				CLANG_WARN_SUSPICIOUS_MOVE = YES;
				CLANG_WARN_UNREACHABLE_CODE = YES;
				CLANG_WARN__DUPLICATE_METHOD_MATCH = YES;
				"CODE_SIGN_IDENTITY[sdk=iphoneos*]" = "iPhone Developer";
				COPY_PHASE_STRIP = NO;
				DEBUG_INFORMATION_FORMAT = "dwarf-with-dsym";
				ENABLE_NS_ASSERTIONS = NO;
				ENABLE_STRICT_OBJC_MSGSEND = YES;
				GCC_C_LANGUAGE_STANDARD = gnu99;
				GCC_NO_COMMON_BLOCKS = YES;
				GCC_WARN_64_TO_32_BIT_CONVERSION = YES;
				GCC_WARN_ABOUT_RETURN_TYPE = YES_ERROR;
				GCC_WARN_UNDECLARED_SELECTOR = YES;
				GCC_WARN_UNINITIALIZED_AUTOS = YES_AGGRESSIVE;
				GCC_WARN_UNUSED_FUNCTION = YES;
				GCC_WARN_UNUSED_VARIABLE = YES;
				IPHONEOS_DEPLOYMENT_TARGET = 10.3;
				MTL_ENABLE_DEBUG_INFO = NO;
				SDKROOT = iphoneos;
				SWIFT_OPTIMIZATION_LEVEL = "-Owholemodule";
				TARGETED_DEVICE_FAMILY = "1,2";
				VALIDATE_PRODUCT = YES;
			};
			name = Release;
		};
		CD3422D91F15428000995692 /* Debug */ = {
			isa = XCBuildConfiguration;
			baseConfigurationReference = 77EECACA0D5816C329DDF4B4 /* Pods-data-structures.debug.xcconfig */;
			buildSettings = {
				ASSETCATALOG_COMPILER_APPICON_NAME = AppIcon;
				DEVELOPMENT_TEAM = 6EJN6WTQBM;
				INFOPLIST_FILE = "data-structures/Info.plist";
				LD_RUNPATH_SEARCH_PATHS = "$(inherited) @executable_path/Frameworks";
				PRODUCT_BUNDLE_IDENTIFIER = "com.elyaniliranzocastro.data-structures";
				PRODUCT_NAME = "$(TARGET_NAME)";
				SWIFT_VERSION = 3.0;
			};
			name = Debug;
		};
		CD3422DA1F15428000995692 /* Release */ = {
			isa = XCBuildConfiguration;
			baseConfigurationReference = C09A32B53F77E88B56BE5EAE /* Pods-data-structures.release.xcconfig */;
			buildSettings = {
				ASSETCATALOG_COMPILER_APPICON_NAME = AppIcon;
				DEVELOPMENT_TEAM = 6EJN6WTQBM;
				INFOPLIST_FILE = "data-structures/Info.plist";
				LD_RUNPATH_SEARCH_PATHS = "$(inherited) @executable_path/Frameworks";
				PRODUCT_BUNDLE_IDENTIFIER = "com.elyaniliranzocastro.data-structures";
				PRODUCT_NAME = "$(TARGET_NAME)";
				SWIFT_VERSION = 3.0;
			};
			name = Release;
		};
		CD3422DC1F15428000995692 /* Debug */ = {
			isa = XCBuildConfiguration;
			baseConfigurationReference = 9D69B62E1F965FBCF13B1246 /* Pods-data-structuresTests.debug.xcconfig */;
			buildSettings = {
				ALWAYS_EMBED_SWIFT_STANDARD_LIBRARIES = "$(inherited)";
				BUNDLE_LOADER = "$(TEST_HOST)";
				DEVELOPMENT_TEAM = 6EJN6WTQBM;
				INFOPLIST_FILE = "data-structuresTests/Info.plist";
				LD_RUNPATH_SEARCH_PATHS = "$(inherited) @executable_path/Frameworks @loader_path/Frameworks";
				PRODUCT_BUNDLE_IDENTIFIER = "com.elyaniliranzocastro.data-structuresTests";
				PRODUCT_NAME = "$(TARGET_NAME)";
				SWIFT_VERSION = 3.0;
				TEST_HOST = "$(BUILT_PRODUCTS_DIR)/dataStructures.app/dataStructures";
			};
			name = Debug;
		};
		CD3422DD1F15428000995692 /* Release */ = {
			isa = XCBuildConfiguration;
			baseConfigurationReference = 5A6E30D084F5D6599CD90F26 /* Pods-data-structuresTests.release.xcconfig */;
			buildSettings = {
				ALWAYS_EMBED_SWIFT_STANDARD_LIBRARIES = "$(inherited)";
				BUNDLE_LOADER = "$(TEST_HOST)";
				DEVELOPMENT_TEAM = 6EJN6WTQBM;
				INFOPLIST_FILE = "data-structuresTests/Info.plist";
				LD_RUNPATH_SEARCH_PATHS = "$(inherited) @executable_path/Frameworks @loader_path/Frameworks";
				PRODUCT_BUNDLE_IDENTIFIER = "com.elyaniliranzocastro.data-structuresTests";
				PRODUCT_NAME = "$(TARGET_NAME)";
				SWIFT_VERSION = 3.0;
				TEST_HOST = "$(BUILT_PRODUCTS_DIR)/dataStructures.app/dataStructures";
			};
			name = Release;
		};
/* End XCBuildConfiguration section */

/* Begin XCConfigurationList section */
		CD3422B61F15428000995692 /* Build configuration list for PBXProject "dataStructures" */ = {
			isa = XCConfigurationList;
			buildConfigurations = (
				CD3422D61F15428000995692 /* Debug */,
				CD3422D71F15428000995692 /* Release */,
			);
			defaultConfigurationIsVisible = 0;
			defaultConfigurationName = Release;
		};
		CD3422D81F15428000995692 /* Build configuration list for PBXNativeTarget "dataStructures" */ = {
			isa = XCConfigurationList;
			buildConfigurations = (
				CD3422D91F15428000995692 /* Debug */,
				CD3422DA1F15428000995692 /* Release */,
			);
			defaultConfigurationIsVisible = 0;
			defaultConfigurationName = Release;
		};
		CD3422DB1F15428000995692 /* Build configuration list for PBXNativeTarget "dataStructuresTests" */ = {
			isa = XCConfigurationList;
			buildConfigurations = (
				CD3422DC1F15428000995692 /* Debug */,
				CD3422DD1F15428000995692 /* Release */,
			);
			defaultConfigurationIsVisible = 0;
			defaultConfigurationName = Release;
		};
/* End XCConfigurationList section */
	};
	rootObject = CD3422B31F15428000995692 /* Project object */;
}
